{
  "name": "vscode-extension",
  "lockfileVersion": 3,
  "requires": true,
  "packages": {
    "": {
      "dependencies": {
        "node-prune": "^1.0.2"
      }
    },
    "node_modules/node-prune": {
      "version": "1.0.2",
      "resolved": "https://registry.npmjs.org/node-prune/-/node-prune-1.0.2.tgz",
      "integrity": "sha512-WSDCF2F/ad+IZp7Gx9b5l8TT3ezP56pn0pCSm4nnkUT00rP1yuOHCapv+jKy/Q87ZqYcPtV4Z+2IifozGDpR0Q==",
      "bin": {
        "node-prune": "prune.sh"
      }
    }
  }
}
